
Microsoft Visual Studio Solution File, Format Version 12.00
# Visual Studio Version 18
VisualStudioVersion = 18.10.12217.157 stable
MinimumVisualStudioVersion = 10.0.40219.1
Project("{FAE04EC0-301F-11D3-BF4B-00C04F79EFBC}") = "Messenger.API", "Messenger.API\Messenger.API.csproj", "{643C4FB8-DD17-4EF1-9836-310FF1845246}"
EndProject
Project("{FAE04EC0-301F-11D3-BF4B-00C04F79EFBC}") = "Messenger.Web", "Messenger.Web\Messenger.Web.csproj", "{C0A732E7-D80D-4329-ACCD-3DF35E427509}"
EndProject
Project("{FAE04EC0-301F-11D3-BF4B-00C04F79EFBC}") = "Messenger.Core", "Messenger.Core\Messenger.Core.csproj", "{18384343-F207-4B23-B334-93B22863294D}"
EndProject
Project("{FAE04EC0-301F-11D3-BF4B-00C04F79EFBC}") = "Messenger.Infrastructure", "Messenger.Infrastructure\Messenger.Infrastructure.csproj", "{B6A29722-CE92-4B76-8801-B7DB17B881A2}"
EndProject
Project("{FAE04EC0-301F-11D3-BF4B-00C04F79EFBC}") = "Messenger.Tests", "Messenger.Tests\Messenger.Tests.csproj", "{A827DD19-F760-4B46-85FF-893B4826E0C0}"
EndProject
Project("{FAE04EC0-301F-11D3-BF4B-00C04F79EFBC}") = "Messenger.AppHost", "Messenger.AppHost\Messenger.AppHost.csproj", "{DD09F387-1C12-4D9D-8497-5DEDA74E0568}"
EndProject
Global
	GlobalSection(SolutionConfigurationPlatforms) = preSolution
		Debug|Any CPU = Debug|Any CPU
		Release|Any CPU = Release|Any CPU
	EndGlobalSection
	GlobalSection(ProjectConfigurationPlatforms) = postSolution
		{643C4FB8-DD17-4EF1-9836-310FF1845246}.Debug|Any CPU.ActiveCfg = Debug|Any CPU
		{643C4FB8-DD17-4EF1-9836-310FF1845246}.Debug|Any CPU.Build.0 = Debug|Any CPU
		{643C4FB8-DD17-4EF1-9836-310FF1845246}.Release|Any CPU.ActiveCfg = Release|Any CPU
		{643C4FB8-DD17-4EF1-9836-310FF1845246}.Release|Any CPU.Build.0 = Release|Any CPU
		{C0A732E7-D80D-4329-ACCD-3DF35E427509}.Debug|Any CPU.ActiveCfg = Debug|Any CPU
		{C0A732E7-D80D-4329-ACCD-3DF35E427509}.Debug|Any CPU.Build.0 = Debug|Any CPU
		{C0A732E7-D80D-4329-ACCD-3DF35E427509}.Release|Any CPU.ActiveCfg = Release|Any CPU
		{C0A732E7-D80D-4329-ACCD-3DF35E427509}.Release|Any CPU.Build.0 = Release|Any CPU
		{18384343-F207-4B23-B334-93B22863294D}.Debug|Any CPU.ActiveCfg = Debug|Any CPU
		{18384343-F207-4B23-B334-93B22863294D}.Debug|Any CPU.Build.0 = Debug|Any CPU
		{18384343-F207-4B23-B334-93B22863294D}.Release|Any CPU.ActiveCfg = Release|Any CPU
		{18384343-F207-4B23-B334-93B22863294D}.Release|Any CPU.Build.0 = Release|Any CPU
		{B6A29722-CE92-4B76-8801-B7DB17B881A2}.Debug|Any CPU.ActiveCfg = Debug|Any CPU
		{B6A29722-CE92-4B76-8801-B7DB17B881A2}.Debug|Any CPU.Build.0 = Debug|Any CPU
		{B6A29722-CE92-4B76-8801-B7DB17B881A2}.Release|Any CPU.ActiveCfg = Release|Any CPU
		{B6A29722-CE92-4B76-8801-B7DB17B881A2}.Release|Any CPU.Build.0 = Release|Any CPU
		{A827DD19-F760-4B46-85FF-893B4826E0C0}.Debug|Any CPU.ActiveCfg = Debug|Any CPU
		{A827DD19-F760-4B46-85FF-893B4826E0C0}.Debug|Any CPU.Build.0 = Debug|Any CPU
		{A827DD19-F760-4B46-85FF-893B4826E0C0}.Release|Any CPU.ActiveCfg = Release|Any CPU
		{A827DD19-F760-4B46-85FF-893B4826E0C0}.Release|Any CPU.Build.0 = Release|Any CPU
		{DD09F387-1C12-4D9D-8497-5DEDA74E0568}.Debug|Any CPU.ActiveCfg = Debug|Any CPU
		{DD09F387-1C12-4D9D-8497-5DEDA74E0568}.Debug|Any CPU.Build.0 = Debug|Any CPU
		{DD09F387-1C12-4D9D-8497-5DEDA74E0568}.Release|Any CPU.ActiveCfg = Release|Any CPU
		{DD09F387-1C12-4D9D-8497-5DEDA74E0568}.Release|Any CPU.Build.0 = Release|Any CPU
	EndGlobalSection
	GlobalSection(SolutionProperties) = preSolution
		HideSolutionNode = FALSE
	EndGlobalSection
	GlobalSection(ExtensibilityGlobals) = postSolution
		SolutionGuid = {3B88FABC-BB11-4FF1-9D53-635B136A8983}
	EndGlobalSection
EndGlobal
